{
  "requires": true,
  "lockfileVersion": 1,
  "dependencies": {
    "sweetalert2": {
      "version": "7.26.9",
      "resolved": "https://registry.npmjs.org/sweetalert2/-/sweetalert2-7.26.9.tgz",
      "integrity": "sha512-XfcfoGrZIc+dgIM+6qECYe3nLr+7rhtjDr0sdfqO1jLKWI7qUyPk4sLwGZatzhqY+0rCZG1V5m3VPW48dHwdvw=="
    }
  }
}
